
Microsoft Visual Studio Solution File, Format Version 12.00
# Visual Studio Version 16
VisualStudioVersion = 16.0.30011.22
MinimumVisualStudioVersion = 10.0.40219.1
Project("{FAE04EC0-301F-11D3-BF4B-00C04F79EFBC}") = "ServicioEmpleosChile", "ServicioEmpleosChile.csproj", "{E45E8C58-61AC-48C7-BB9F-EF7F5CD5744A}"
EndProject
Global
	GlobalSection(SolutionConfigurationPlatforms) = preSolution
		Debug|Any CPU = Debug|Any CPU
		Release|Any CPU = Release|Any CPU
	EndGlobalSection
	GlobalSection(ProjectConfigurationPlatforms) = postSolution
		{E45E8C58-61AC-48C7-BB9F-EF7F5CD5744A}.Debug|Any CPU.ActiveCfg = Debug|Any CPU
		{E45E8C58-61AC-48C7-BB9F-EF7F5CD5744A}.Debug|Any CPU.Build.0 = Debug|Any CPU
		{E45E8C58-61AC-48C7-BB9F-EF7F5CD5744A}.Release|Any CPU.ActiveCfg = Release|Any CPU
		{E45E8C58-61AC-48C7-BB9F-EF7F5CD5744A}.Release|Any CPU.Build.0 = Release|Any CPU
	EndGlobalSection
	GlobalSection(SolutionProperties) = preSolution
		HideSolutionNode = FALSE
	EndGlobalSection
	GlobalSection(ExtensibilityGlobals) = postSolution
		SolutionGuid = {BE4C1DE9-29A7-4D5A-AB87-D01174EB4A5C}
	EndGlobalSection
EndGlobal
